schema: '2.0'
stages:
  data_ingestion:
    cmd: python3 src/data/data_ingestion.py
    deps:
    - path: src/data/data_ingestion.py
      hash: md5
      md5: c4d79bb5f4d3aa354467e06a7021f705
      size: 3468
    outs:
    - path: data/raw
      hash: md5
      md5: cdbc97ec2b63b571654ff33a9368f91e.dir
      size: 817597
      nfiles: 2
  data_preprocessing:
    cmd: python3 src/data/data_preprocessing.py
    deps:
    - path: data/raw
      hash: md5
      md5: cdbc97ec2b63b571654ff33a9368f91e.dir
      size: 817597
      nfiles: 2
    - path: src/data/data_preprocessing.py
      hash: md5
      md5: d1f718caceaebfffe3d7d4c5b8d0c9d2
      size: 5099
    outs:
    - path: data/processed
      hash: md5
      md5: 149d4cca1ca1175f1fbb81b218a5195a.dir
      size: 561631
      nfiles: 2
  feature_engineering:
    cmd: python3 src/features/feature_engineering.py
    deps:
    - path: data/processed
      hash: md5
      md5: 149d4cca1ca1175f1fbb81b218a5195a.dir
      size: 561631
      nfiles: 2
    - path: src/features/feature_engineering.py
      hash: md5
      md5: 892e72b1359349c3227b52da111e80d3
      size: 3539
    outs:
    - path: data/features
      hash: md5
      md5: ade51195f529b141e7df59ab56ea01c1.dir
      size: 42366767
      nfiles: 2
  model_building:
    cmd: python3 src/model/model_building.py
    deps:
    - path: data/features
      hash: md5
      md5: ade51195f529b141e7df59ab56ea01c1.dir
      size: 42366767
      nfiles: 2
    - path: src/model/model_building.py
      hash: md5
      md5: 2ddcbb92c9a8662d0cc4036c5ea739ef
      size: 3500
    outs:
    - path: models
      hash: md5
      md5: 2c8fed3a96f00e2c0eec81996dc20437.dir
      size: 8708
      nfiles: 1
  model_evaluation:
    cmd: python3 src/model/model_evaluation.py
    deps:
    - path: models
      hash: md5
      md5: 2c8fed3a96f00e2c0eec81996dc20437.dir
      size: 8708
      nfiles: 1
    - path: src/model/model_evaluation.py
      hash: md5
      md5: 689033a01215fd18e01651b2edb5d1c9
      size: 4087
    outs:
    - path: evaluation/metrics.yaml
      hash: md5
      md5: ccdcdb93f40ab36dcb32b185213730d0
      size: 119
